
Microsoft Visual Studio Solution File, Format Version 12.00
# Visual Studio Version 16
VisualStudioVersion = 16.0.28922.388
MinimumVisualStudioVersion = 10.0.40219.1
Project("{FAE04EC0-301F-11D3-BF4B-00C04F79EFBC}") = "dockerapi", "dockerapi\dockerapi.csproj", "{1C097C16-B53F-4823-9644-4F5E4B2F3231}"
EndProject
Global
	GlobalSection(SolutionConfigurationPlatforms) = preSolution
		Debug|Any CPU = Debug|Any CPU
		Release|Any CPU = Release|Any CPU
	EndGlobalSection
	GlobalSection(ProjectConfigurationPlatforms) = postSolution
		{1C097C16-B53F-4823-9644-4F5E4B2F3231}.Debug|Any CPU.ActiveCfg = Debug|Any CPU
		{1C097C16-B53F-4823-9644-4F5E4B2F3231}.Debug|Any CPU.Build.0 = Debug|Any CPU
		{1C097C16-B53F-4823-9644-4F5E4B2F3231}.Release|Any CPU.ActiveCfg = Release|Any CPU
		{1C097C16-B53F-4823-9644-4F5E4B2F3231}.Release|Any CPU.Build.0 = Release|Any CPU
	EndGlobalSection
	GlobalSection(SolutionProperties) = preSolution
		HideSolutionNode = FALSE
	EndGlobalSection
	GlobalSection(ExtensibilityGlobals) = postSolution
		SolutionGuid = {52E4AAF4-34AB-414E-8AC4-5C29CCDC9128}
	EndGlobalSection
EndGlobal
